
Microsoft Visual Studio Solution File, Format Version 12.00
# Visual Studio Version 17
VisualStudioVersion = 17.7.34003.232
MinimumVisualStudioVersion = 10.0.40219.1
Project("{FAE04EC0-301F-11D3-BF4B-00C04F79EFBC}") = "gitsuuso", "gitsuuso.csproj", "{C518AE86-0226-4461-92A5-801AEE76A4EE}"
EndProject
Global
	GlobalSection(SolutionConfigurationPlatforms) = preSolution
		Debug|Any CPU = Debug|Any CPU
		Release|Any CPU = Release|Any CPU
	EndGlobalSection
	GlobalSection(ProjectConfigurationPlatforms) = postSolution
		{C518AE86-0226-4461-92A5-801AEE76A4EE}.Debug|Any CPU.ActiveCfg = Debug|Any CPU
		{C518AE86-0226-4461-92A5-801AEE76A4EE}.Debug|Any CPU.Build.0 = Debug|Any CPU
		{C518AE86-0226-4461-92A5-801AEE76A4EE}.Release|Any CPU.ActiveCfg = Release|Any CPU
		{C518AE86-0226-4461-92A5-801AEE76A4EE}.Release|Any CPU.Build.0 = Release|Any CPU
	EndGlobalSection
	GlobalSection(SolutionProperties) = preSolution
		HideSolutionNode = FALSE
	EndGlobalSection
	GlobalSection(ExtensibilityGlobals) = postSolution
		SolutionGuid = {BCD70195-AD2C-4146-AD1C-79A45C7E654A}
	EndGlobalSection
EndGlobal
